
Microsoft Visual Studio Solution File, Format Version 12.00
# Visual Studio 2013
VisualStudioVersion = 12.0.30501.0
MinimumVisualStudioVersion = 10.0.40219.1
Project("{FAE04EC0-301F-11D3-BF4B-00C04F79EFBC}") = "TP1_Trejo Carlos", "TP1_Trejo Carlos\TP1_Trejo Carlos.csproj", "{110D0EED-95AD-432F-B61E-B392E11F7502}"
EndProject
Project("{FAE04EC0-301F-11D3-BF4B-00C04F79EFBC}") = "TP1_Trejo Carlos-Clases", "ClassLibrary1\TP1_Trejo Carlos-Clases.csproj", "{5E753ECD-CAF5-44F4-9046-F840EBB70BA0}"
EndProject
Global
	GlobalSection(SolutionConfigurationPlatforms) = preSolution
		Debug|Any CPU = Debug|Any CPU
		Release|Any CPU = Release|Any CPU
	EndGlobalSection
	GlobalSection(ProjectConfigurationPlatforms) = postSolution
		{110D0EED-95AD-432F-B61E-B392E11F7502}.Debug|Any CPU.ActiveCfg = Debug|Any CPU
		{110D0EED-95AD-432F-B61E-B392E11F7502}.Debug|Any CPU.Build.0 = Debug|Any CPU
		{110D0EED-95AD-432F-B61E-B392E11F7502}.Release|Any CPU.ActiveCfg = Release|Any CPU
		{110D0EED-95AD-432F-B61E-B392E11F7502}.Release|Any CPU.Build.0 = Release|Any CPU
		{5E753ECD-CAF5-44F4-9046-F840EBB70BA0}.Debug|Any CPU.ActiveCfg = Debug|Any CPU
		{5E753ECD-CAF5-44F4-9046-F840EBB70BA0}.Debug|Any CPU.Build.0 = Debug|Any CPU
		{5E753ECD-CAF5-44F4-9046-F840EBB70BA0}.Release|Any CPU.ActiveCfg = Release|Any CPU
		{5E753ECD-CAF5-44F4-9046-F840EBB70BA0}.Release|Any CPU.Build.0 = Release|Any CPU
	EndGlobalSection
	GlobalSection(SolutionProperties) = preSolution
		HideSolutionNode = FALSE
	EndGlobalSection
EndGlobal
